{
    "version": "0.5",
    "requires": [
        "zlib/1.3.1#b8bc2603263cf7eccbd6e17e66b0ed76%1757328102.176627",
        "spdlog/1.15.3#3ca0e9e6b83af4d0151e26541d140c86%1748617970.519",
        "gtest/1.17.0#5224b3b3ff3b4ce1133cbdd27d53ee7d%1759762651.958684",
        "fmt/11.2.0#579bb2cdf4a7607621beea4eb4651e0f%1756124123.988651"
    ],
    "build_requires": [
        "cmake/4.1.1#23ee27eac0192593228fe8ced4680627%1756413041.241"
    ],
    "python_requires": [],
    "config_requires": []
}